// !$*UTF8*$!
{
	archiveVersion = 1;
	classes = {
	};
	objectVersion = 50;
	objects = {

/* Begin PBXBuildFile section */
		D76BED672473B04B00EEEE44 /* AppDelegate.swift in Sources */ = {isa = PBXBuildFile; fileRef = D76BED662473B04B00EEEE44 /* AppDelegate.swift */; };
		D76BED692473B04B00EEEE44 /* SceneDelegate.swift in Sources */ = {isa = PBXBuildFile; fileRef = D76BED682473B04B00EEEE44 /* SceneDelegate.swift */; };
		D76BED6B2473B04B00EEEE44 /* ContentView.swift in Sources */ = {isa = PBXBuildFile; fileRef = D76BED6A2473B04B00EEEE44 /* ContentView.swift */; };
		D76BED6D2473B04C00EEEE44 /* Assets.xcassets in Resources */ = {isa = PBXBuildFile; fileRef = D76BED6C2473B04C00EEEE44 /* Assets.xcassets */; };
		D76BED702473B04C00EEEE44 /* Preview Assets.xcassets in Resources */ = {isa = PBXBuildFile; fileRef = D76BED6F2473B04C00EEEE44 /* Preview Assets.xcassets */; };
		D76BED732473B04C00EEEE44 /* LaunchScreen.storyboard in Resources */ = {isa = PBXBuildFile; fileRef = D76BED712473B04C00EEEE44 /* LaunchScreen.storyboard */; };
		D76BED7E2473B04C00EEEE44 /* SwiftUI_POCTests.swift in Sources */ = {isa = PBXBuildFile; fileRef = D76BED7D2473B04C00EEEE44 /* SwiftUI_POCTests.swift */; };
		D76BED892473B04C00EEEE44 /* SwiftUI_POCUITests.swift in Sources */ = {isa = PBXBuildFile; fileRef = D76BED882473B04C00EEEE44 /* SwiftUI_POCUITests.swift */; };
/* End PBXBuildFile section */

/* Begin PBXContainerItemProxy section */
		D76BED7A2473B04C00EEEE44 /* PBXContainerItemProxy */ = {
			isa = PBXContainerItemProxy;
			containerPortal = D76BED5B2473B04B00EEEE44 /* Project object */;
			proxyType = 1;
			remoteGlobalIDString = D76BED622473B04B00EEEE44;
			remoteInfo = "SwiftUI-POC";
		};
		D76BED852473B04C00EEEE44 /* PBXContainerItemProxy */ = {
			isa = PBXContainerItemProxy;
			containerPortal = D76BED5B2473B04B00EEEE44 /* Project object */;
			proxyType = 1;
			remoteGlobalIDString = D76BED622473B04B00EEEE44;
			remoteInfo = "SwiftUI-POC";
		};
/* End PBXContainerItemProxy section */

/* Begin PBXFileReference section */
		D76BED632473B04B00EEEE44 /* SwiftUI-POC.app */ = {isa = PBXFileReference; explicitFileType = wrapper.application; includeInIndex = 0; path = "SwiftUI-POC.app"; sourceTree = BUILT_PRODUCTS_DIR; };
		D76BED662473B04B00EEEE44 /* AppDelegate.swift */ = {isa = PBXFileReference; lastKnownFileType = sourcecode.swift; path = AppDelegate.swift; sourceTree = "<group>"; };
		D76BED682473B04B00EEEE44 /* SceneDelegate.swift */ = {isa = PBXFileReference; lastKnownFileType = sourcecode.swift; path = SceneDelegate.swift; sourceTree = "<group>"; };
		D76BED6A2473B04B00EEEE44 /* ContentView.swift */ = {isa = PBXFileReference; lastKnownFileType = sourcecode.swift; path = ContentView.swift; sourceTree = "<group>"; };
		D76BED6C2473B04C00EEEE44 /* Assets.xcassets */ = {isa = PBXFileReference; lastKnownFileType = folder.assetcatalog; path = Assets.xcassets; sourceTree = "<group>"; };
		D76BED6F2473B04C00EEEE44 /* Preview Assets.xcassets */ = {isa = PBXFileReference; lastKnownFileType = folder.assetcatalog; path = "Preview Assets.xcassets"; sourceTree = "<group>"; };
		D76BED722473B04C00EEEE44 /* Base */ = {isa = PBXFileReference; lastKnownFileType = file.storyboard; name = Base; path = Base.lproj/LaunchScreen.storyboard; sourceTree = "<group>"; };
		D76BED742473B04C00EEEE44 /* Info.plist */ = {isa = PBXFileReference; lastKnownFileType = text.plist.xml; path = Info.plist; sourceTree = "<group>"; };
		D76BED792473B04C00EEEE44 /* SwiftUI-POCTests.xctest */ = {isa = PBXFileReference; explicitFileType = wrapper.cfbundle; includeInIndex = 0; path = "SwiftUI-POCTests.xctest"; sourceTree = BUILT_PRODUCTS_DIR; };
		D76BED7D2473B04C00EEEE44 /* SwiftUI_POCTests.swift */ = {isa = PBXFileReference; lastKnownFileType = sourcecode.swift; path = SwiftUI_POCTests.swift; sourceTree = "<group>"; };
		D76BED7F2473B04C00EEEE44 /* Info.plist */ = {isa = PBXFileReference; lastKnownFileType = text.plist.xml; path = Info.plist; sourceTree = "<group>"; };
		D76BED842473B04C00EEEE44 /* SwiftUI-POCUITests.xctest */ = {isa = PBXFileReference; explicitFileType = wrapper.cfbundle; includeInIndex = 0; path = "SwiftUI-POCUITests.xctest"; sourceTree = BUILT_PRODUCTS_DIR; };
		D76BED882473B04C00EEEE44 /* SwiftUI_POCUITests.swift */ = {isa = PBXFileReference; lastKnownFileType = sourcecode.swift; path = SwiftUI_POCUITests.swift; sourceTree = "<group>"; };
		D76BED8A2473B04C00EEEE44 /* Info.plist */ = {isa = PBXFileReference; lastKnownFileType = text.plist.xml; path = Info.plist; sourceTree = "<group>"; };
/* End PBXFileReference section */

/* Begin PBXFrameworksBuildPhase section */
		D76BED602473B04B00EEEE44 /* Frameworks */ = {
			isa = PBXFrameworksBuildPhase;
			buildActionMask = 2147483647;
			files = (
			);
			runOnlyForDeploymentPostprocessing = 0;
		};
		D76BED762473B04C00EEEE44 /* Frameworks */ = {
			isa = PBXFrameworksBuildPhase;
			buildActionMask = 2147483647;
			files = (
			);
			runOnlyForDeploymentPostprocessing = 0;
		};
		D76BED812473B04C00EEEE44 /* Frameworks */ = {
			isa = PBXFrameworksBuildPhase;
			buildActionMask = 2147483647;
			files = (
			);
			runOnlyForDeploymentPostprocessing = 0;
		};
/* End PBXFrameworksBuildPhase section */

/* Begin PBXGroup section */
		D76BED5A2473B04B00EEEE44 = {
			isa = PBXGroup;
			children = (
				D76BED652473B04B00EEEE44 /* SwiftUI-POC */,
				D76BED7C2473B04C00EEEE44 /* SwiftUI-POCTests */,
				D76BED872473B04C00EEEE44 /* SwiftUI-POCUITests */,
				D76BED642473B04B00EEEE44 /* Products */,
			);
			sourceTree = "<group>";
		};
		D76BED642473B04B00EEEE44 /* Products */ = {
			isa = PBXGroup;
			children = (
				D76BED632473B04B00EEEE44 /* SwiftUI-POC.app */,
				D76BED792473B04C00EEEE44 /* SwiftUI-POCTests.xctest */,
				D76BED842473B04C00EEEE44 /* SwiftUI-POCUITests.xctest */,
			);
			name = Products;
			sourceTree = "<group>";
		};
		D76BED652473B04B00EEEE44 /* SwiftUI-POC */ = {
			isa = PBXGroup;
			children = (
				D76BED662473B04B00EEEE44 /* AppDelegate.swift */,
				D76BED682473B04B00EEEE44 /* SceneDelegate.swift */,
				D76BED6A2473B04B00EEEE44 /* ContentView.swift */,
				D76BED6C2473B04C00EEEE44 /* Assets.xcassets */,
				D76BED712473B04C00EEEE44 /* LaunchScreen.storyboard */,
				D76BED742473B04C00EEEE44 /* Info.plist */,
				D76BED6E2473B04C00EEEE44 /* Preview Content */,
			);
			path = "SwiftUI-POC";
			sourceTree = "<group>";
		};
		D76BED6E2473B04C00EEEE44 /* Preview Content */ = {
			isa = PBXGroup;
			children = (
				D76BED6F2473B04C00EEEE44 /* Preview Assets.xcassets */,
			);
			path = "Preview Content";
			sourceTree = "<group>";
		};
		D76BED7C2473B04C00EEEE44 /* SwiftUI-POCTests */ = {
			isa = PBXGroup;
			children = (
				D76BED7D2473B04C00EEEE44 /* SwiftUI_POCTests.swift */,
				D76BED7F2473B04C00EEEE44 /* Info.plist */,
			);
			path = "SwiftUI-POCTests";
			sourceTree = "<group>";
		};
		D76BED872473B04C00EEEE44 /* SwiftUI-POCUITests */ = {
			isa = PBXGroup;
			children = (
				D76BED882473B04C00EEEE44 /* SwiftUI_POCUITests.swift */,
				D76BED8A2473B04C00EEEE44 /* Info.plist */,
			);
			path = "SwiftUI-POCUITests";
			sourceTree = "<group>";
		};
/* End PBXGroup section */

/* Begin PBXNativeTarget section */
		D76BED622473B04B00EEEE44 /* SwiftUI-POC */ = {
			isa = PBXNativeTarget;
			buildConfigurationList = D76BED8D2473B04C00EEEE44 /* Build configuration list for PBXNativeTarget "SwiftUI-POC" */;
			buildPhases = (
				D76BED5F2473B04B00EEEE44 /* Sources */,
				D76BED602473B04B00EEEE44 /* Frameworks */,
				D76BED612473B04B00EEEE44 /* Resources */,
			);
			buildRules = (
			);
			dependencies = (
			);
			name = "SwiftUI-POC";
			productName = "SwiftUI-POC";
			productReference = D76BED632473B04B00EEEE44 /* SwiftUI-POC.app */;
			productType = "com.apple.product-type.application";
		};
		D76BED782473B04C00EEEE44 /* SwiftUI-POCTests */ = {
			isa = PBXNativeTarget;
			buildConfigurationList = D76BED902473B04C00EEEE44 /* Build configuration list for PBXNativeTarget "SwiftUI-POCTests" */;
			buildPhases = (
				D76BED752473B04C00EEEE44 /* Sources */,
				D76BED762473B04C00EEEE44 /* Frameworks */,
				D76BED772473B04C00EEEE44 /* Resources */,
			);
			buildRules = (
			);
			dependencies = (
				D76BED7B2473B04C00EEEE44 /* PBXTargetDependency */,
			);
			name = "SwiftUI-POCTests";
			productName = "SwiftUI-POCTests";
			productReference = D76BED792473B04C00EEEE44 /* SwiftUI-POCTests.xctest */;
			productType = "com.apple.product-type.bundle.unit-test";
		};
		D76BED832473B04C00EEEE44 /* SwiftUI-POCUITests */ = {
			isa = PBXNativeTarget;
			buildConfigurationList = D76BED932473B04C00EEEE44 /* Build configuration list for PBXNativeTarget "SwiftUI-POCUITests" */;
			buildPhases = (
				D76BED802473B04C00EEEE44 /* Sources */,
				D76BED812473B04C00EEEE44 /* Frameworks */,
				D76BED822473B04C00EEEE44 /* Resources */,
			);
			buildRules = (
			);
			dependencies = (
				D76BED862473B04C00EEEE44 /* PBXTargetDependency */,
			);
			name = "SwiftUI-POCUITests";
			productName = "SwiftUI-POCUITests";
			productReference = D76BED842473B04C00EEEE44 /* SwiftUI-POCUITests.xctest */;
			productType = "com.apple.product-type.bundle.ui-testing";
		};
/* End PBXNativeTarget section */

/* Begin PBXProject section */
		D76BED5B2473B04B00EEEE44 /* Project object */ = {
			isa = PBXProject;
			attributes = {
				LastSwiftUpdateCheck = 1120;
				LastUpgradeCheck = 1120;
				ORGANIZATIONNAME = Sourcebits;
				TargetAttributes = {
					D76BED622473B04B00EEEE44 = {
						CreatedOnToolsVersion = 11.2.1;
					};
					D76BED782473B04C00EEEE44 = {
						CreatedOnToolsVersion = 11.2.1;
						TestTargetID = D76BED622473B04B00EEEE44;
					};
					D76BED832473B04C00EEEE44 = {
						CreatedOnToolsVersion = 11.2.1;
						TestTargetID = D76BED622473B04B00EEEE44;
					};
				};
			};
			buildConfigurationList = D76BED5E2473B04B00EEEE44 /* Build configuration list for PBXProject "SwiftUI-POC" */;
			compatibilityVersion = "Xcode 9.3";
			developmentRegion = en;
			hasScannedForEncodings = 0;
			knownRegions = (
				en,
				Base,
			);
			mainGroup = D76BED5A2473B04B00EEEE44;
			productRefGroup = D76BED642473B04B00EEEE44 /* Products */;
			projectDirPath = "";
			projectRoot = "";
			targets = (
				D76BED622473B04B00EEEE44 /* SwiftUI-POC */,
				D76BED782473B04C00EEEE44 /* SwiftUI-POCTests */,
				D76BED832473B04C00EEEE44 /* SwiftUI-POCUITests */,
			);
		};
/* End PBXProject section */

/* Begin PBXResourcesBuildPhase section */
		D76BED612473B04B00EEEE44 /* Resources */ = {
			isa = PBXResourcesBuildPhase;
			buildActionMask = 2147483647;
			files = (
				D76BED732473B04C00EEEE44 /* LaunchScreen.storyboard in Resources */,
				D76BED702473B04C00EEEE44 /* Preview Assets.xcassets in Resources */,
				D76BED6D2473B04C00EEEE44 /* Assets.xcassets in Resources */,
			);
			runOnlyForDeploymentPostprocessing = 0;
		};
		D76BED772473B04C00EEEE44 /* Resources */ = {
			isa = PBXResourcesBuildPhase;
			buildActionMask = 2147483647;
			files = (
			);
			runOnlyForDeploymentPostprocessing = 0;
		};
		D76BED822473B04C00EEEE44 /* Resources */ = {
			isa = PBXResourcesBuildPhase;
			buildActionMask = 2147483647;
			files = (
			);
			runOnlyForDeploymentPostprocessing = 0;
		};
/* End PBXResourcesBuildPhase section */

/* Begin PBXSourcesBuildPhase section */
		D76BED5F2473B04B00EEEE44 /* Sources */ = {
			isa = PBXSourcesBuildPhase;
			buildActionMask = 2147483647;
			files = (
				D76BED672473B04B00EEEE44 /* AppDelegate.swift in Sources */,
				D76BED692473B04B00EEEE44 /* SceneDelegate.swift in Sources */,
				D76BED6B2473B04B00EEEE44 /* ContentView.swift in Sources */,
			);
			runOnlyForDeploymentPostprocessing = 0;
		};
		D76BED752473B04C00EEEE44 /* Sources */ = {
			isa = PBXSourcesBuildPhase;
			buildActionMask = 2147483647;
			files = (
				D76BED7E2473B04C00EEEE44 /* SwiftUI_POCTests.swift in Sources */,
			);
			runOnlyForDeploymentPostprocessing = 0;
		};
		D76BED802473B04C00EEEE44 /* Sources */ = {
			isa = PBXSourcesBuildPhase;
			buildActionMask = 2147483647;
			files = (
				D76BED892473B04C00EEEE44 /* SwiftUI_POCUITests.swift in Sources */,
			);
			runOnlyForDeploymentPostprocessing = 0;
		};
/* End PBXSourcesBuildPhase section */

/* Begin PBXTargetDependency section */
		D76BED7B2473B04C00EEEE44 /* PBXTargetDependency */ = {
			isa = PBXTargetDependency;
			target = D76BED622473B04B00EEEE44 /* SwiftUI-POC */;
			targetProxy = D76BED7A2473B04C00EEEE44 /* PBXContainerItemProxy */;
		};
		D76BED862473B04C00EEEE44 /* PBXTargetDependency */ = {
			isa = PBXTargetDependency;
			target = D76BED622473B04B00EEEE44 /* SwiftUI-POC */;
			targetProxy = D76BED852473B04C00EEEE44 /* PBXContainerItemProxy */;
		};
/* End PBXTargetDependency section */

/* Begin PBXVariantGroup section */
		D76BED712473B04C00EEEE44 /* LaunchScreen.storyboard */ = {
			isa = PBXVariantGroup;
			children = (
				D76BED722473B04C00EEEE44 /* Base */,
			);
			name = LaunchScreen.storyboard;
			sourceTree = "<group>";
		};
/* End PBXVariantGroup section */

/* Begin XCBuildConfiguration section */
		D76BED8B2473B04C00EEEE44 /* Debug */ = {
			isa = XCBuildConfiguration;
			buildSettings = {
				ALWAYS_SEARCH_USER_PATHS = NO;
				CLANG_ANALYZER_NONNULL = YES;
				CLANG_ANALYZER_NUMBER_OBJECT_CONVERSION = YES_AGGRESSIVE;
				CLANG_CXX_LANGUAGE_STANDARD = "gnu++14";
				CLANG_CXX_LIBRARY = "libc++";
				CLANG_ENABLE_MODULES = YES;
				CLANG_ENABLE_OBJC_ARC = YES;
				CLANG_ENABLE_OBJC_WEAK = YES;
				CLANG_WARN_BLOCK_CAPTURE_AUTORELEASING = YES;
				CLANG_WARN_BOOL_CONVERSION = YES;
				CLANG_WARN_COMMA = YES;
				CLANG_WARN_CONSTANT_CONVERSION = YES;
				CLANG_WARN_DEPRECATED_OBJC_IMPLEMENTATIONS = YES;
				CLANG_WARN_DIRECT_OBJC_ISA_USAGE = YES_ERROR;
				CLANG_WARN_DOCUMENTATION_COMMENTS = YES;
				CLANG_WARN_EMPTY_BODY = YES;
				CLANG_WARN_ENUM_CONVERSION = YES;
				CLANG_WARN_INFINITE_RECURSION = YES;
				CLANG_WARN_INT_CONVERSION = YES;
				CLANG_WARN_NON_LITERAL_NULL_CONVERSION = YES;
				CLANG_WARN_OBJC_IMPLICIT_RETAIN_SELF = YES;
				CLANG_WARN_OBJC_LITERAL_CONVERSION = YES;
				CLANG_WARN_OBJC_ROOT_CLASS = YES_ERROR;
				CLANG_WARN_RANGE_LOOP_ANALYSIS = YES;
				CLANG_WARN_STRICT_PROTOTYPES = YES;
				CLANG_WARN_SUSPICIOUS_MOVE = YES;
				CLANG_WARN_UNGUARDED_AVAILABILITY = YES_AGGRESSIVE;
				CLANG_WARN_UNREACHABLE_CODE = YES;
				CLANG_WARN__DUPLICATE_METHOD_MATCH = YES;
				COPY_PHASE_STRIP = NO;
				DEBUG_INFORMATION_FORMAT = dwarf;
				ENABLE_STRICT_OBJC_MSGSEND = YES;
				ENABLE_TESTABILITY = YES;
				GCC_C_LANGUAGE_STANDARD = gnu11;
				GCC_DYNAMIC_NO_PIC = NO;
				GCC_NO_COMMON_BLOCKS = YES;
				GCC_OPTIMIZATION_LEVEL = 0;
				GCC_PREPROCESSOR_DEFINITIONS = (
					"DEBUG=1",
					"$(inherited)",
				);
				GCC_WARN_64_TO_32_BIT_CONVERSION = YES;
				GCC_WARN_ABOUT_RETURN_TYPE = YES_ERROR;
				GCC_WARN_UNDECLARED_SELECTOR = YES;
				GCC_WARN_UNINITIALIZED_AUTOS = YES_AGGRESSIVE;
				GCC_WARN_UNUSED_FUNCTION = YES;
				GCC_WARN_UNUSED_VARIABLE = YES;
				IPHONEOS_DEPLOYMENT_TARGET = 13.2;
				MTL_ENABLE_DEBUG_INFO = INCLUDE_SOURCE;
				MTL_FAST_MATH = YES;
				ONLY_ACTIVE_ARCH = YES;
				SDKROOT = iphoneos;
				SWIFT_ACTIVE_COMPILATION_CONDITIONS = DEBUG;
				SWIFT_OPTIMIZATION_LEVEL = "-Onone";
			};
			name = Debug;
		};
		D76BED8C2473B04C00EEEE44 /* Release */ = {
			isa = XCBuildConfiguration;
			buildSettings = {
				ALWAYS_SEARCH_USER_PATHS = NO;
				CLANG_ANALYZER_NONNULL = YES;
				CLANG_ANALYZER_NUMBER_OBJECT_CONVERSION = YES_AGGRESSIVE;
				CLANG_CXX_LANGUAGE_STANDARD = "gnu++14";
				CLANG_CXX_LIBRARY = "libc++";
				CLANG_ENABLE_MODULES = YES;
				CLANG_ENABLE_OBJC_ARC = YES;
				CLANG_ENABLE_OBJC_WEAK = YES;
				CLANG_WARN_BLOCK_CAPTURE_AUTORELEASING = YES;
				CLANG_WARN_BOOL_CONVERSION = YES;
				CLANG_WARN_COMMA = YES;
				CLANG_WARN_CONSTANT_CONVERSION = YES;
				CLANG_WARN_DEPRECATED_OBJC_IMPLEMENTATIONS = YES;
				CLANG_WARN_DIRECT_OBJC_ISA_USAGE = YES_ERROR;
				CLANG_WARN_DOCUMENTATION_COMMENTS = YES;
				CLANG_WARN_EMPTY_BODY = YES;
				CLANG_WARN_ENUM_CONVERSION = YES;
				CLANG_WARN_INFINITE_RECURSION = YES;
				CLANG_WARN_INT_CONVERSION = YES;
				CLANG_WARN_NON_LITERAL_NULL_CONVERSION = YES;
				CLANG_WARN_OBJC_IMPLICIT_RETAIN_SELF = YES;
				CLANG_WARN_OBJC_LITERAL_CONVERSION = YES;
				CLANG_WARN_OBJC_ROOT_CLASS = YES_ERROR;
				CLANG_WARN_RANGE_LOOP_ANALYSIS = YES;
				CLANG_WARN_STRICT_PROTOTYPES = YES;
				CLANG_WARN_SUSPICIOUS_MOVE = YES;
				CLANG_WARN_UNGUARDED_AVAILABILITY = YES_AGGRESSIVE;
				CLANG_WARN_UNREACHABLE_CODE = YES;
				CLANG_WARN__DUPLICATE_METHOD_MATCH = YES;
				COPY_PHASE_STRIP = NO;
				DEBUG_INFORMATION_FORMAT = "dwarf-with-dsym";
				ENABLE_NS_ASSERTIONS = NO;
				ENABLE_STRICT_OBJC_MSGSEND = YES;
				GCC_C_LANGUAGE_STANDARD = gnu11;
				GCC_NO_COMMON_BLOCKS = YES;
				GCC_WARN_64_TO_32_BIT_CONVERSION = YES;
				GCC_WARN_ABOUT_RETURN_TYPE = YES_ERROR;
				GCC_WARN_UNDECLARED_SELECTOR = YES;
				GCC_WARN_UNINITIALIZED_AUTOS = YES_AGGRESSIVE;
				GCC_WARN_UNUSED_FUNCTION = YES;
				GCC_WARN_UNUSED_VARIABLE = YES;
				IPHONEOS_DEPLOYMENT_TARGET = 13.2;
				MTL_ENABLE_DEBUG_INFO = NO;
				MTL_FAST_MATH = YES;
				SDKROOT = iphoneos;
				SWIFT_COMPILATION_MODE = wholemodule;
				SWIFT_OPTIMIZATION_LEVEL = "-O";
				VALIDATE_PRODUCT = YES;
			};
			name = Release;
		};
		D76BED8E2473B04C00EEEE44 /* Debug */ = {
			isa = XCBuildConfiguration;
			buildSettings = {
				ASSETCATALOG_COMPILER_APPICON_NAME = AppIcon;
				CODE_SIGN_STYLE = Automatic;
				DEVELOPMENT_ASSET_PATHS = "\"SwiftUI-POC/Preview Content\"";
				ENABLE_PREVIEWS = YES;
				INFOPLIST_FILE = "SwiftUI-POC/Info.plist";
				LD_RUNPATH_SEARCH_PATHS = (
					"$(inherited)",
					"@executable_path/Frameworks",
				);
				PRODUCT_BUNDLE_IDENTIFIER = "com.sourcebits.SwiftUI-POC";
				PRODUCT_NAME = "$(TARGET_NAME)";
				SWIFT_VERSION = 5.0;
				TARGETED_DEVICE_FAMILY = "1,2";
			};
			name = Debug;
		};
		D76BED8F2473B04C00EEEE44 /* Release */ = {
			isa = XCBuildConfiguration;
			buildSettings = {
				ASSETCATALOG_COMPILER_APPICON_NAME = AppIcon;
				CODE_SIGN_STYLE = Automatic;
				DEVELOPMENT_ASSET_PATHS = "\"SwiftUI-POC/Preview Content\"";
				ENABLE_PREVIEWS = YES;
				INFOPLIST_FILE = "SwiftUI-POC/Info.plist";
				LD_RUNPATH_SEARCH_PATHS = (
					"$(inherited)",
					"@executable_path/Frameworks",
				);
				PRODUCT_BUNDLE_IDENTIFIER = "com.sourcebits.SwiftUI-POC";
				PRODUCT_NAME = "$(TARGET_NAME)";
				SWIFT_VERSION = 5.0;
				TARGETED_DEVICE_FAMILY = "1,2";
			};
			name = Release;
		};
		D76BED912473B04C00EEEE44 /* Debug */ = {
			isa = XCBuildConfiguration;
			buildSettings = {
				ALWAYS_EMBED_SWIFT_STANDARD_LIBRARIES = YES;
				BUNDLE_LOADER = "$(TEST_HOST)";
				CODE_SIGN_STYLE = Automatic;
				INFOPLIST_FILE = "SwiftUI-POCTests/Info.plist";
				IPHONEOS_DEPLOYMENT_TARGET = 13.2;
				LD_RUNPATH_SEARCH_PATHS = (
					"$(inherited)",
					"@executable_path/Frameworks",
					"@loader_path/Frameworks",
				);
				PRODUCT_BUNDLE_IDENTIFIER = "com.sourcebits.SwiftUI-POCTests";
				PRODUCT_NAME = "$(TARGET_NAME)";
				SWIFT_VERSION = 5.0;
				TARGETED_DEVICE_FAMILY = "1,2";
				TEST_HOST = "$(BUILT_PRODUCTS_DIR)/SwiftUI-POC.app/SwiftUI-POC";
			};
			name = Debug;
		};
		D76BED922473B04C00EEEE44 /* Release */ = {
			isa = XCBuildConfiguration;
			buildSettings = {
				ALWAYS_EMBED_SWIFT_STANDARD_LIBRARIES = YES;
				BUNDLE_LOADER = "$(TEST_HOST)";
				CODE_SIGN_STYLE = Automatic;
				INFOPLIST_FILE = "SwiftUI-POCTests/Info.plist";
				IPHONEOS_DEPLOYMENT_TARGET = 13.2;
				LD_RUNPATH_SEARCH_PATHS = (
					"$(inherited)",
					"@executable_path/Frameworks",
					"@loader_path/Frameworks",
				);
				PRODUCT_BUNDLE_IDENTIFIER = "com.sourcebits.SwiftUI-POCTests";
				PRODUCT_NAME = "$(TARGET_NAME)";
				SWIFT_VERSION = 5.0;
				TARGETED_DEVICE_FAMILY = "1,2";
				TEST_HOST = "$(BUILT_PRODUCTS_DIR)/SwiftUI-POC.app/SwiftUI-POC";
			};
			name = Release;
		};
		D76BED942473B04C00EEEE44 /* Debug */ = {
			isa = XCBuildConfiguration;
			buildSettings = {
				ALWAYS_EMBED_SWIFT_STANDARD_LIBRARIES = YES;
				CODE_SIGN_STYLE = Automatic;
				INFOPLIST_FILE = "SwiftUI-POCUITests/Info.plist";
				LD_RUNPATH_SEARCH_PATHS = (
					"$(inherited)",
					"@executable_path/Frameworks",
					"@loader_path/Frameworks",
				);
				PRODUCT_BUNDLE_IDENTIFIER = "com.sourcebits.SwiftUI-POCUITests";
				PRODUCT_NAME = "$(TARGET_NAME)";
				SWIFT_VERSION = 5.0;
				TARGETED_DEVICE_FAMILY = "1,2";
				TEST_TARGET_NAME = "SwiftUI-POC";
			};
			name = Debug;
		};
		D76BED952473B04C00EEEE44 /* Release */ = {
			isa = XCBuildConfiguration;
			buildSettings = {
				ALWAYS_EMBED_SWIFT_STANDARD_LIBRARIES = YES;
				CODE_SIGN_STYLE = Automatic;
				INFOPLIST_FILE = "SwiftUI-POCUITests/Info.plist";
				LD_RUNPATH_SEARCH_PATHS = (
					"$(inherited)",
					"@executable_path/Frameworks",
					"@loader_path/Frameworks",
				);
				PRODUCT_BUNDLE_IDENTIFIER = "com.sourcebits.SwiftUI-POCUITests";
				PRODUCT_NAME = "$(TARGET_NAME)";
				SWIFT_VERSION = 5.0;
				TARGETED_DEVICE_FAMILY = "1,2";
				TEST_TARGET_NAME = "SwiftUI-POC";
			};
			name = Release;
		};
/* End XCBuildConfiguration section */

/* Begin XCConfigurationList section */
		D76BED5E2473B04B00EEEE44 /* Build configuration list for PBXProject "SwiftUI-POC" */ = {
			isa = XCConfigurationList;
			buildConfigurations = (
				D76BED8B2473B04C00EEEE44 /* Debug */,
				D76BED8C2473B04C00EEEE44 /* Release */,
			);
			defaultConfigurationIsVisible = 0;
			defaultConfigurationName = Release;
		};
		D76BED8D2473B04C00EEEE44 /* Build configuration list for PBXNativeTarget "SwiftUI-POC" */ = {
			isa = XCConfigurationList;
			buildConfigurations = (
				D76BED8E2473B04C00EEEE44 /* Debug */,
				D76BED8F2473B04C00EEEE44 /* Release */,
			);
			defaultConfigurationIsVisible = 0;
			defaultConfigurationName = Release;
		};
		D76BED902473B04C00EEEE44 /* Build configuration list for PBXNativeTarget "SwiftUI-POCTests" */ = {
			isa = XCConfigurationList;
			buildConfigurations = (
				D76BED912473B04C00EEEE44 /* Debug */,
				D76BED922473B04C00EEEE44 /* Release */,
			);
			defaultConfigurationIsVisible = 0;
			defaultConfigurationName = Release;
		};
		D76BED932473B04C00EEEE44 /* Build configuration list for PBXNativeTarget "SwiftUI-POCUITests" */ = {
			isa = XCConfigurationList;
			buildConfigurations = (
				D76BED942473B04C00EEEE44 /* Debug */,
				D76BED952473B04C00EEEE44 /* Release */,
			);
			defaultConfigurationIsVisible = 0;
			defaultConfigurationName = Release;
		};
/* End XCConfigurationList section */
	};
	rootObject = D76BED5B2473B04B00EEEE44 /* Project object */;
}
